// !$*UTF8*$!
{
	archiveVersion = 1;
	classes = {
	};
	objectVersion = 50;
	objects = {

/* Begin PBXBuildFile section */
		3D1049A123E8088F00B69E6E /* ngayThangNam.swift in Sources */ = {isa = PBXBuildFile; fileRef = 3D1049A023E8088F00B69E6E /* ngayThangNam.swift */; };
		3D5415F223EBBAA000BA52B4 /* isSymmetricalString.swift in Sources */ = {isa = PBXBuildFile; fileRef = 3D5415F123EBBAA000BA52B4 /* isSymmetricalString.swift */; };
		3D5415F423EBC54600BA52B4 /* nhapMang.swift in Sources */ = {isa = PBXBuildFile; fileRef = 3D5415F323EBC54600BA52B4 /* nhapMang.swift */; };
		3D5415F623EBC8B700BA52B4 /* soChinhPhuong.swift in Sources */ = {isa = PBXBuildFile; fileRef = 3D5415F523EBC8B700BA52B4 /* soChinhPhuong.swift */; };
		3D5415F823EBCB6800BA52B4 /* maxFrequencyInArray.swift in Sources */ = {isa = PBXBuildFile; fileRef = 3D5415F723EBCB6800BA52B4 /* maxFrequencyInArray.swift */; };
		3DB0835223E72F60005A1D3E /* AmstrongNumber.swift in Sources */ = {isa = PBXBuildFile; fileRef = 3DB0835123E72F60005A1D3E /* AmstrongNumber.swift */; };
		3DB0835423E7DA34005A1D3E /* Fibonacci.swift in Sources */ = {isa = PBXBuildFile; fileRef = 3DB0835323E7DA34005A1D3E /* Fibonacci.swift */; };
		3DB0835623E7E1D6005A1D3E /* insertToArray.swift in Sources */ = {isa = PBXBuildFile; fileRef = 3DB0835523E7E1D6005A1D3E /* insertToArray.swift */; };
		3DC5B3E223E7089E00C2C3CC /* main.swift in Sources */ = {isa = PBXBuildFile; fileRef = 3DC5B3E123E7089E00C2C3CC /* main.swift */; };
		3DC5B3E923E708D900C2C3CC /* sortArray.swift in Sources */ = {isa = PBXBuildFile; fileRef = 3DC5B3E823E708D900C2C3CC /* sortArray.swift */; };
		3DC5B3EB23E70A7F00C2C3CC /* draw1.swift in Sources */ = {isa = PBXBuildFile; fileRef = 3DC5B3EA23E70A7F00C2C3CC /* draw1.swift */; };
		3DF7AA2B23EB18A4001AFAB6 /* countPrime.swift in Sources */ = {isa = PBXBuildFile; fileRef = 3DF7AA2A23EB18A4001AFAB6 /* countPrime.swift */; };
		3DF7AA2D23EB30D0001AFAB6 /* UpperCase.swift in Sources */ = {isa = PBXBuildFile; fileRef = 3DF7AA2C23EB30D0001AFAB6 /* UpperCase.swift */; };
/* End PBXBuildFile section */

/* Begin PBXCopyFilesBuildPhase section */
		3DC5B3DC23E7089E00C2C3CC /* CopyFiles */ = {
			isa = PBXCopyFilesBuildPhase;
			buildActionMask = 2147483647;
			dstPath = /usr/share/man/man1/;
			dstSubfolderSpec = 0;
			files = (
			);
			runOnlyForDeploymentPostprocessing = 1;
		};
/* End PBXCopyFilesBuildPhase section */

/* Begin PBXFileReference section */
		3D1049A023E8088F00B69E6E /* ngayThangNam.swift */ = {isa = PBXFileReference; lastKnownFileType = sourcecode.swift; path = ngayThangNam.swift; sourceTree = "<group>"; };
		3D5415F123EBBAA000BA52B4 /* isSymmetricalString.swift */ = {isa = PBXFileReference; lastKnownFileType = sourcecode.swift; path = isSymmetricalString.swift; sourceTree = "<group>"; };
		3D5415F323EBC54600BA52B4 /* nhapMang.swift */ = {isa = PBXFileReference; lastKnownFileType = sourcecode.swift; path = nhapMang.swift; sourceTree = "<group>"; };
		3D5415F523EBC8B700BA52B4 /* soChinhPhuong.swift */ = {isa = PBXFileReference; lastKnownFileType = sourcecode.swift; path = soChinhPhuong.swift; sourceTree = "<group>"; };
		3D5415F723EBCB6800BA52B4 /* maxFrequencyInArray.swift */ = {isa = PBXFileReference; lastKnownFileType = sourcecode.swift; path = maxFrequencyInArray.swift; sourceTree = "<group>"; };
		3DB0835123E72F60005A1D3E /* AmstrongNumber.swift */ = {isa = PBXFileReference; lastKnownFileType = sourcecode.swift; path = AmstrongNumber.swift; sourceTree = "<group>"; };
		3DB0835323E7DA34005A1D3E /* Fibonacci.swift */ = {isa = PBXFileReference; lastKnownFileType = sourcecode.swift; path = Fibonacci.swift; sourceTree = "<group>"; };
		3DB0835523E7E1D6005A1D3E /* insertToArray.swift */ = {isa = PBXFileReference; lastKnownFileType = sourcecode.swift; path = insertToArray.swift; sourceTree = "<group>"; };
		3DC5B3DE23E7089E00C2C3CC /* btLogic */ = {isa = PBXFileReference; explicitFileType = "compiled.mach-o.executable"; includeInIndex = 0; path = btLogic; sourceTree = BUILT_PRODUCTS_DIR; };
		3DC5B3E123E7089E00C2C3CC /* main.swift */ = {isa = PBXFileReference; lastKnownFileType = sourcecode.swift; path = main.swift; sourceTree = "<group>"; };
		3DC5B3E823E708D900C2C3CC /* sortArray.swift */ = {isa = PBXFileReference; lastKnownFileType = sourcecode.swift; path = sortArray.swift; sourceTree = "<group>"; };
		3DC5B3EA23E70A7F00C2C3CC /* draw1.swift */ = {isa = PBXFileReference; lastKnownFileType = sourcecode.swift; path = draw1.swift; sourceTree = "<group>"; };
		3DF7AA2A23EB18A4001AFAB6 /* countPrime.swift */ = {isa = PBXFileReference; lastKnownFileType = sourcecode.swift; path = countPrime.swift; sourceTree = "<group>"; };
		3DF7AA2C23EB30D0001AFAB6 /* UpperCase.swift */ = {isa = PBXFileReference; lastKnownFileType = sourcecode.swift; path = UpperCase.swift; sourceTree = "<group>"; };
/* End PBXFileReference section */

/* Begin PBXFrameworksBuildPhase section */
		3DC5B3DB23E7089E00C2C3CC /* Frameworks */ = {
			isa = PBXFrameworksBuildPhase;
			buildActionMask = 2147483647;
			files = (
			);
			runOnlyForDeploymentPostprocessing = 0;
		};
/* End PBXFrameworksBuildPhase section */

/* Begin PBXGroup section */
		3DC5B3D523E7089E00C2C3CC = {
			isa = PBXGroup;
			children = (
				3DC5B3E023E7089E00C2C3CC /* btLogic */,
				3DC5B3DF23E7089E00C2C3CC /* Products */,
			);
			sourceTree = "<group>";
		};
		3DC5B3DF23E7089E00C2C3CC /* Products */ = {
			isa = PBXGroup;
			children = (
				3DC5B3DE23E7089E00C2C3CC /* btLogic */,
			);
			name = Products;
			sourceTree = "<group>";
		};
		3DC5B3E023E7089E00C2C3CC /* btLogic */ = {
			isa = PBXGroup;
			children = (
				3DC5B3E123E7089E00C2C3CC /* main.swift */,
				3D5415F523EBC8B700BA52B4 /* soChinhPhuong.swift */,
				3D5415F723EBCB6800BA52B4 /* maxFrequencyInArray.swift */,
				3DC5B3E823E708D900C2C3CC /* sortArray.swift */,
				3DC5B3EA23E70A7F00C2C3CC /* draw1.swift */,
				3D1049A023E8088F00B69E6E /* ngayThangNam.swift */,
				3DB0835123E72F60005A1D3E /* AmstrongNumber.swift */,
				3DB0835323E7DA34005A1D3E /* Fibonacci.swift */,
				3DB0835523E7E1D6005A1D3E /* insertToArray.swift */,
				3D5415F323EBC54600BA52B4 /* nhapMang.swift */,
				3DF7AA2C23EB30D0001AFAB6 /* UpperCase.swift */,
				3D5415F123EBBAA000BA52B4 /* isSymmetricalString.swift */,
				3DF7AA2A23EB18A4001AFAB6 /* countPrime.swift */,
			);
			path = btLogic;
			sourceTree = "<group>";
		};
/* End PBXGroup section */

/* Begin PBXNativeTarget section */
		3DC5B3DD23E7089E00C2C3CC /* btLogic */ = {
			isa = PBXNativeTarget;
			buildConfigurationList = 3DC5B3E523E7089E00C2C3CC /* Build configuration list for PBXNativeTarget "btLogic" */;
			buildPhases = (
				3DC5B3DA23E7089E00C2C3CC /* Sources */,
				3DC5B3DB23E7089E00C2C3CC /* Frameworks */,
				3DC5B3DC23E7089E00C2C3CC /* CopyFiles */,
			);
			buildRules = (
			);
			dependencies = (
			);
			name = btLogic;
			productName = btLogic;
			productReference = 3DC5B3DE23E7089E00C2C3CC /* btLogic */;
			productType = "com.apple.product-type.tool";
		};
/* End PBXNativeTarget section */

/* Begin PBXProject section */
		3DC5B3D623E7089E00C2C3CC /* Project object */ = {
			isa = PBXProject;
			attributes = {
				LastSwiftUpdateCheck = 1130;
				LastUpgradeCheck = 1130;
				ORGANIZATIONNAME = "Nam Le";
				TargetAttributes = {
					3DC5B3DD23E7089E00C2C3CC = {
						CreatedOnToolsVersion = 11.3;
					};
				};
			};
			buildConfigurationList = 3DC5B3D923E7089E00C2C3CC /* Build configuration list for PBXProject "btLogic" */;
			compatibilityVersion = "Xcode 9.3";
			developmentRegion = en;
			hasScannedForEncodings = 0;
			knownRegions = (
				en,
				Base,
			);
			mainGroup = 3DC5B3D523E7089E00C2C3CC;
			productRefGroup = 3DC5B3DF23E7089E00C2C3CC /* Products */;
			projectDirPath = "";
			projectRoot = "";
			targets = (
				3DC5B3DD23E7089E00C2C3CC /* btLogic */,
			);
		};
/* End PBXProject section */

/* Begin PBXSourcesBuildPhase section */
		3DC5B3DA23E7089E00C2C3CC /* Sources */ = {
			isa = PBXSourcesBuildPhase;
			buildActionMask = 2147483647;
			files = (
				3DB0835423E7DA34005A1D3E /* Fibonacci.swift in Sources */,
				3DF7AA2B23EB18A4001AFAB6 /* countPrime.swift in Sources */,
				3DB0835623E7E1D6005A1D3E /* insertToArray.swift in Sources */,
				3DC5B3EB23E70A7F00C2C3CC /* draw1.swift in Sources */,
				3DC5B3E223E7089E00C2C3CC /* main.swift in Sources */,
				3D5415F223EBBAA000BA52B4 /* isSymmetricalString.swift in Sources */,
				3DC5B3E923E708D900C2C3CC /* sortArray.swift in Sources */,
				3D5415F623EBC8B700BA52B4 /* soChinhPhuong.swift in Sources */,
				3D1049A123E8088F00B69E6E /* ngayThangNam.swift in Sources */,
				3D5415F423EBC54600BA52B4 /* nhapMang.swift in Sources */,
				3DF7AA2D23EB30D0001AFAB6 /* UpperCase.swift in Sources */,
				3D5415F823EBCB6800BA52B4 /* maxFrequencyInArray.swift in Sources */,
				3DB0835223E72F60005A1D3E /* AmstrongNumber.swift in Sources */,
			);
			runOnlyForDeploymentPostprocessing = 0;
		};
/* End PBXSourcesBuildPhase section */

/* Begin XCBuildConfiguration section */
		3DC5B3E323E7089E00C2C3CC /* Debug */ = {
			isa = XCBuildConfiguration;
			buildSettings = {
				ALWAYS_SEARCH_USER_PATHS = NO;
				CLANG_ANALYZER_NONNULL = YES;
				CLANG_ANALYZER_NUMBER_OBJECT_CONVERSION = YES_AGGRESSIVE;
				CLANG_CXX_LANGUAGE_STANDARD = "gnu++14";
				CLANG_CXX_LIBRARY = "libc++";
				CLANG_ENABLE_MODULES = YES;
				CLANG_ENABLE_OBJC_ARC = YES;
				CLANG_ENABLE_OBJC_WEAK = YES;
				CLANG_WARN_BLOCK_CAPTURE_AUTORELEASING = YES;
				CLANG_WARN_BOOL_CONVERSION = YES;
				CLANG_WARN_COMMA = YES;
				CLANG_WARN_CONSTANT_CONVERSION = YES;
				CLANG_WARN_DEPRECATED_OBJC_IMPLEMENTATIONS = YES;
				CLANG_WARN_DIRECT_OBJC_ISA_USAGE = YES_ERROR;
				CLANG_WARN_DOCUMENTATION_COMMENTS = YES;
				CLANG_WARN_EMPTY_BODY = YES;
				CLANG_WARN_ENUM_CONVERSION = YES;
				CLANG_WARN_INFINITE_RECURSION = YES;
				CLANG_WARN_INT_CONVERSION = YES;
				CLANG_WARN_NON_LITERAL_NULL_CONVERSION = YES;
				CLANG_WARN_OBJC_IMPLICIT_RETAIN_SELF = YES;
				CLANG_WARN_OBJC_LITERAL_CONVERSION = YES;
				CLANG_WARN_OBJC_ROOT_CLASS = YES_ERROR;
				CLANG_WARN_RANGE_LOOP_ANALYSIS = YES;
				CLANG_WARN_STRICT_PROTOTYPES = YES;
				CLANG_WARN_SUSPICIOUS_MOVE = YES;
				CLANG_WARN_UNGUARDED_AVAILABILITY = YES_AGGRESSIVE;
				CLANG_WARN_UNREACHABLE_CODE = YES;
				CLANG_WARN__DUPLICATE_METHOD_MATCH = YES;
				COPY_PHASE_STRIP = NO;
				DEBUG_INFORMATION_FORMAT = dwarf;
				ENABLE_STRICT_OBJC_MSGSEND = YES;
				ENABLE_TESTABILITY = YES;
				GCC_C_LANGUAGE_STANDARD = gnu11;
				GCC_DYNAMIC_NO_PIC = NO;
				GCC_NO_COMMON_BLOCKS = YES;
				GCC_OPTIMIZATION_LEVEL = 0;
				GCC_PREPROCESSOR_DEFINITIONS = (
					"DEBUG=1",
					"$(inherited)",
				);
				GCC_WARN_64_TO_32_BIT_CONVERSION = YES;
				GCC_WARN_ABOUT_RETURN_TYPE = YES_ERROR;
				GCC_WARN_UNDECLARED_SELECTOR = YES;
				GCC_WARN_UNINITIALIZED_AUTOS = YES_AGGRESSIVE;
				GCC_WARN_UNUSED_FUNCTION = YES;
				GCC_WARN_UNUSED_VARIABLE = YES;
				MACOSX_DEPLOYMENT_TARGET = 10.15;
				MTL_ENABLE_DEBUG_INFO = INCLUDE_SOURCE;
				MTL_FAST_MATH = YES;
				ONLY_ACTIVE_ARCH = YES;
				SDKROOT = macosx;
				SWIFT_ACTIVE_COMPILATION_CONDITIONS = DEBUG;
				SWIFT_OPTIMIZATION_LEVEL = "-Onone";
			};
			name = Debug;
		};
		3DC5B3E423E7089E00C2C3CC /* Release */ = {
			isa = XCBuildConfiguration;
			buildSettings = {
				ALWAYS_SEARCH_USER_PATHS = NO;
				CLANG_ANALYZER_NONNULL = YES;
				CLANG_ANALYZER_NUMBER_OBJECT_CONVERSION = YES_AGGRESSIVE;
				CLANG_CXX_LANGUAGE_STANDARD = "gnu++14";
				CLANG_CXX_LIBRARY = "libc++";
				CLANG_ENABLE_MODULES = YES;
				CLANG_ENABLE_OBJC_ARC = YES;
				CLANG_ENABLE_OBJC_WEAK = YES;
				CLANG_WARN_BLOCK_CAPTURE_AUTORELEASING = YES;
				CLANG_WARN_BOOL_CONVERSION = YES;
				CLANG_WARN_COMMA = YES;
				CLANG_WARN_CONSTANT_CONVERSION = YES;
				CLANG_WARN_DEPRECATED_OBJC_IMPLEMENTATIONS = YES;
				CLANG_WARN_DIRECT_OBJC_ISA_USAGE = YES_ERROR;
				CLANG_WARN_DOCUMENTATION_COMMENTS = YES;
				CLANG_WARN_EMPTY_BODY = YES;
				CLANG_WARN_ENUM_CONVERSION = YES;
				CLANG_WARN_INFINITE_RECURSION = YES;
				CLANG_WARN_INT_CONVERSION = YES;
				CLANG_WARN_NON_LITERAL_NULL_CONVERSION = YES;
				CLANG_WARN_OBJC_IMPLICIT_RETAIN_SELF = YES;
				CLANG_WARN_OBJC_LITERAL_CONVERSION = YES;
				CLANG_WARN_OBJC_ROOT_CLASS = YES_ERROR;
				CLANG_WARN_RANGE_LOOP_ANALYSIS = YES;
				CLANG_WARN_STRICT_PROTOTYPES = YES;
				CLANG_WARN_SUSPICIOUS_MOVE = YES;
				CLANG_WARN_UNGUARDED_AVAILABILITY = YES_AGGRESSIVE;
				CLANG_WARN_UNREACHABLE_CODE = YES;
				CLANG_WARN__DUPLICATE_METHOD_MATCH = YES;
				COPY_PHASE_STRIP = NO;
				DEBUG_INFORMATION_FORMAT = "dwarf-with-dsym";
				ENABLE_NS_ASSERTIONS = NO;
				ENABLE_STRICT_OBJC_MSGSEND = YES;
				GCC_C_LANGUAGE_STANDARD = gnu11;
				GCC_NO_COMMON_BLOCKS = YES;
				GCC_WARN_64_TO_32_BIT_CONVERSION = YES;
				GCC_WARN_ABOUT_RETURN_TYPE = YES_ERROR;
				GCC_WARN_UNDECLARED_SELECTOR = YES;
				GCC_WARN_UNINITIALIZED_AUTOS = YES_AGGRESSIVE;
				GCC_WARN_UNUSED_FUNCTION = YES;
				GCC_WARN_UNUSED_VARIABLE = YES;
				MACOSX_DEPLOYMENT_TARGET = 10.15;
				MTL_ENABLE_DEBUG_INFO = NO;
				MTL_FAST_MATH = YES;
				SDKROOT = macosx;
				SWIFT_COMPILATION_MODE = wholemodule;
				SWIFT_OPTIMIZATION_LEVEL = "-O";
			};
			name = Release;
		};
		3DC5B3E623E7089E00C2C3CC /* Debug */ = {
			isa = XCBuildConfiguration;
			buildSettings = {
				CODE_SIGN_STYLE = Automatic;
				PRODUCT_NAME = "$(TARGET_NAME)";
				SWIFT_VERSION = 5.0;
			};
			name = Debug;
		};
		3DC5B3E723E7089E00C2C3CC /* Release */ = {
			isa = XCBuildConfiguration;
			buildSettings = {
				CODE_SIGN_STYLE = Automatic;
				PRODUCT_NAME = "$(TARGET_NAME)";
				SWIFT_VERSION = 5.0;
			};
			name = Release;
		};
/* End XCBuildConfiguration section */

/* Begin XCConfigurationList section */
		3DC5B3D923E7089E00C2C3CC /* Build configuration list for PBXProject "btLogic" */ = {
			isa = XCConfigurationList;
			buildConfigurations = (
				3DC5B3E323E7089E00C2C3CC /* Debug */,
				3DC5B3E423E7089E00C2C3CC /* Release */,
			);
			defaultConfigurationIsVisible = 0;
			defaultConfigurationName = Release;
		};
		3DC5B3E523E7089E00C2C3CC /* Build configuration list for PBXNativeTarget "btLogic" */ = {
			isa = XCConfigurationList;
			buildConfigurations = (
				3DC5B3E623E7089E00C2C3CC /* Debug */,
				3DC5B3E723E7089E00C2C3CC /* Release */,
			);
			defaultConfigurationIsVisible = 0;
			defaultConfigurationName = Release;
		};
/* End XCConfigurationList section */
	};
	rootObject = 3DC5B3D623E7089E00C2C3CC /* Project object */;
}
